{
  "nodes": {
    "agru-src": {
      "flake": false,
      "locked": {
        "lastModified": 1783761807,
        "narHash": "sha256-EVOf5r2oN2WpgodgTQmGJDPJVhgidIMz97hF6TgCyX8=",
        "owner": "etkecc",
        "repo": "agru",
        "rev": "9e2ca9d8fa904db04e8d34bf0e7b54287e850298",
        "type": "github"
      },
      "original": {
        "owner": "etkecc",
        "repo": "agru",
        "type": "github"
      }
    },
    "flake-utils": {
      "inputs": {
        "systems": "systems"
      },
      "locked": {
        "lastModified": 1731533236,
        "narHash": "sha256-l0KFg5HjrsfsO/JpG+r7fRrqm12kzFHyUHqHCVpMMbI=",
        "owner": "numtide",
        "repo": "flake-utils",
        "rev": "11707dc2f618dd54ca8739b309ec4fc024de578b",
        "type": "github"
      },
      "original": {
        "owner": "numtide",
        "repo": "flake-utils",
        "type": "github"
      }
    },
    "nixpkgs": {
      "locked": {
        "lastModified": 1785082112,
        "narHash": "sha256-Y7z/nrPajIJyVDd9z53ZPZGm0HU+kej16Pwt2cNYI0A=",
        "owner": "NixOS",
        "repo": "nixpkgs",
        "rev": "e318e6adc497b5e8a5ac433c6c6ed21ecdab9029",
        "type": "github"
      },
      "original": {
        "owner": "NixOS",
        "ref": "nixpkgs-unstable",
        "repo": "nixpkgs",
        "type": "github"
      }
    },
    "root": {
      "inputs": {
        "agru-src": "agru-src",
        "flake-utils": "flake-utils",
        "nixpkgs": "nixpkgs"
      }
    },
    "systems": {
      "locked": {
        "lastModified": 1681028828,
        "narHash": "sha256-Vy1rq5AaRuLzOxct8nz4T6wlgyUR7zLU309k9mBC768=",
        "owner": "nix-systems",
        "repo": "default",
        "rev": "da67096a3b9bf56a91d16901293e51ba5b49a27e",
        "type": "github"
      },
      "original": {
        "owner": "nix-systems",
        "repo": "default",
        "type": "github"
      }
    }
  },
  "root": "root",
  "version": 7
}
